
Microsoft Visual Studio Solution File, Format Version 12.00
# Visual Studio Version 17
VisualStudioVersion = 17.1.32328.378
MinimumVisualStudioVersion = 10.0.40219.1
Project("{FAE04EC0-301F-11D3-BF4B-00C04F79EFBC}") = "AzureDevOpsUtils.ConsoleApp", "AzureDevOpsUtils.ConsoleApp\AzureDevOpsUtils.ConsoleApp.csproj", "{DDC44548-DDAA-42EC-A48C-08CE24FE2789}"
EndProject
Global
	GlobalSection(SolutionConfigurationPlatforms) = preSolution
		Debug|Any CPU = Debug|Any CPU
		Release|Any CPU = Release|Any CPU
	EndGlobalSection
	GlobalSection(ProjectConfigurationPlatforms) = postSolution
		{DDC44548-DDAA-42EC-A48C-08CE24FE2789}.Debug|Any CPU.ActiveCfg = Debug|Any CPU
		{DDC44548-DDAA-42EC-A48C-08CE24FE2789}.Debug|Any CPU.Build.0 = Debug|Any CPU
		{DDC44548-DDAA-42EC-A48C-08CE24FE2789}.Release|Any CPU.ActiveCfg = Release|Any CPU
		{DDC44548-DDAA-42EC-A48C-08CE24FE2789}.Release|Any CPU.Build.0 = Release|Any CPU
	EndGlobalSection
	GlobalSection(SolutionProperties) = preSolution
		HideSolutionNode = FALSE
	EndGlobalSection
	GlobalSection(ExtensibilityGlobals) = postSolution
		SolutionGuid = {E8FAB8B7-E6DB-4141-915D-789ECE170023}
	EndGlobalSection
EndGlobal
